{
  "name": "nrf-solution",
  "lockfileVersion": 2,
  "requires": true,
  "packages": {
    "": {
      "dependencies": {
        "@defra/nrf-library": "github:DEFRA/nrf-library#v1.0.0"
      }
    },
    "node_modules/@defra/nrf-library": {
      "version": "1.0.0",
      "resolved": "git+ssh://git@github.com/DEFRA/nrf-library.git#7735795cbe147b6c81ae88ef649a461a23f8c593",
      "license": "OGL-UK-3.0",
      "engines": {
        "node": ">=20"
      }
    }
  },
  "dependencies": {
    "@defra/nrf-library": {
      "version": "git+ssh://git@github.com/DEFRA/nrf-library.git#7735795cbe147b6c81ae88ef649a461a23f8c593",
      "from": "@defra/nrf-library@github:DEFRA/nrf-library#v1.0.0"
    }
  }
}
