{
  "name": "nrf-solution",
  "lockfileVersion": 2,
  "requires": true,
  "packages": {
    "": {
      "dependencies": {
        "@defra/nrf-library": "github:DEFRA/nrf-library#v1.1.0"
      }
    },
    "node_modules/@defra/nrf-library": {
      "version": "1.1.0",
      "resolved": "git+ssh://git@github.com/DEFRA/nrf-library.git#b51ccce707a9bf2a1a5c301387136d899e6f7caf",
      "license": "OGL-UK-3.0",
      "engines": {
        "node": ">=20"
      }
    }
  },
  "dependencies": {
    "@defra/nrf-library": {
      "version": "git+ssh://git@github.com/DEFRA/nrf-library.git#b51ccce707a9bf2a1a5c301387136d899e6f7caf",
      "from": "@defra/nrf-library@github:DEFRA/nrf-library#v1.1.0"
    }
  }
}
